
Microsoft Visual Studio Solution File, Format Version 12.00
# Visual Studio Version 16
VisualStudioVersion = 16.0.29411.108
MinimumVisualStudioVersion = 10.0.40219.1
Project("{FAE04EC0-301F-11D3-BF4B-00C04F79EFBC}") = "Onsite.Worksheets", "src\Onsite.Worksheets\Onsite.Worksheets.csproj", "{493F933C-6FD6-4FC6-B43D-A3A683E7A9BE}"
EndProject
Project("{2150E333-8FDC-42A3-9474-1A3956D46DE8}") = "Tests", "Tests", "{BC80F882-77DB-41AB-BA4E-983DF4802B6A}"
EndProject
Project("{FAE04EC0-301F-11D3-BF4B-00C04F79EFBC}") = "Onsite.Worksheets.UILogic", "src\Onsite.Worksheets.UILogic\Onsite.Worksheets.UILogic.csproj", "{A39C38CC-277F-463E-84A9-EE066227120E}"
EndProject
Global
	GlobalSection(SolutionConfigurationPlatforms) = preSolution
		Debug|Any CPU = Debug|Any CPU
		Debug|ARM = Debug|ARM
		Debug|ARM64 = Debug|ARM64
		Debug|x64 = Debug|x64
		Debug|x86 = Debug|x86
		Release|Any CPU = Release|Any CPU
		Release|ARM = Release|ARM
		Release|ARM64 = Release|ARM64
		Release|x64 = Release|x64
		Release|x86 = Release|x86
	EndGlobalSection
	GlobalSection(ProjectConfigurationPlatforms) = postSolution
		{493F933C-6FD6-4FC6-B43D-A3A683E7A9BE}.Debug|Any CPU.ActiveCfg = Debug|x86
		{493F933C-6FD6-4FC6-B43D-A3A683E7A9BE}.Debug|ARM.ActiveCfg = Debug|ARM
		{493F933C-6FD6-4FC6-B43D-A3A683E7A9BE}.Debug|ARM.Build.0 = Debug|ARM
		{493F933C-6FD6-4FC6-B43D-A3A683E7A9BE}.Debug|ARM.Deploy.0 = Debug|ARM
		{493F933C-6FD6-4FC6-B43D-A3A683E7A9BE}.Debug|ARM64.ActiveCfg = Debug|ARM64
		{493F933C-6FD6-4FC6-B43D-A3A683E7A9BE}.Debug|ARM64.Build.0 = Debug|ARM64
		{493F933C-6FD6-4FC6-B43D-A3A683E7A9BE}.Debug|ARM64.Deploy.0 = Debug|ARM64
		{493F933C-6FD6-4FC6-B43D-A3A683E7A9BE}.Debug|x64.ActiveCfg = Debug|x64
		{493F933C-6FD6-4FC6-B43D-A3A683E7A9BE}.Debug|x64.Build.0 = Debug|x64
		{493F933C-6FD6-4FC6-B43D-A3A683E7A9BE}.Debug|x64.Deploy.0 = Debug|x64
		{493F933C-6FD6-4FC6-B43D-A3A683E7A9BE}.Debug|x86.ActiveCfg = Debug|x86
		{493F933C-6FD6-4FC6-B43D-A3A683E7A9BE}.Debug|x86.Build.0 = Debug|x86
		{493F933C-6FD6-4FC6-B43D-A3A683E7A9BE}.Debug|x86.Deploy.0 = Debug|x86
		{493F933C-6FD6-4FC6-B43D-A3A683E7A9BE}.Release|Any CPU.ActiveCfg = Release|x86
		{493F933C-6FD6-4FC6-B43D-A3A683E7A9BE}.Release|ARM.ActiveCfg = Release|ARM
		{493F933C-6FD6-4FC6-B43D-A3A683E7A9BE}.Release|ARM.Build.0 = Release|ARM
		{493F933C-6FD6-4FC6-B43D-A3A683E7A9BE}.Release|ARM.Deploy.0 = Release|ARM
		{493F933C-6FD6-4FC6-B43D-A3A683E7A9BE}.Release|ARM64.ActiveCfg = Release|ARM64
		{493F933C-6FD6-4FC6-B43D-A3A683E7A9BE}.Release|ARM64.Build.0 = Release|ARM64
		{493F933C-6FD6-4FC6-B43D-A3A683E7A9BE}.Release|ARM64.Deploy.0 = Release|ARM64
		{493F933C-6FD6-4FC6-B43D-A3A683E7A9BE}.Release|x64.ActiveCfg = Release|x64
		{493F933C-6FD6-4FC6-B43D-A3A683E7A9BE}.Release|x64.Build.0 = Release|x64
		{493F933C-6FD6-4FC6-B43D-A3A683E7A9BE}.Release|x64.Deploy.0 = Release|x64
		{493F933C-6FD6-4FC6-B43D-A3A683E7A9BE}.Release|x86.ActiveCfg = Release|x86
		{493F933C-6FD6-4FC6-B43D-A3A683E7A9BE}.Release|x86.Build.0 = Release|x86
		{493F933C-6FD6-4FC6-B43D-A3A683E7A9BE}.Release|x86.Deploy.0 = Release|x86
		{A39C38CC-277F-463E-84A9-EE066227120E}.Debug|Any CPU.ActiveCfg = Debug|Any CPU
		{A39C38CC-277F-463E-84A9-EE066227120E}.Debug|Any CPU.Build.0 = Debug|Any CPU
		{A39C38CC-277F-463E-84A9-EE066227120E}.Debug|ARM.ActiveCfg = Debug|ARM
		{A39C38CC-277F-463E-84A9-EE066227120E}.Debug|ARM.Build.0 = Debug|ARM
		{A39C38CC-277F-463E-84A9-EE066227120E}.Debug|ARM64.ActiveCfg = Debug|ARM64
		{A39C38CC-277F-463E-84A9-EE066227120E}.Debug|ARM64.Build.0 = Debug|ARM64
		{A39C38CC-277F-463E-84A9-EE066227120E}.Debug|x64.ActiveCfg = Debug|x64
		{A39C38CC-277F-463E-84A9-EE066227120E}.Debug|x64.Build.0 = Debug|x64
		{A39C38CC-277F-463E-84A9-EE066227120E}.Debug|x86.ActiveCfg = Debug|x86
		{A39C38CC-277F-463E-84A9-EE066227120E}.Debug|x86.Build.0 = Debug|x86
		{A39C38CC-277F-463E-84A9-EE066227120E}.Release|Any CPU.ActiveCfg = Release|Any CPU
		{A39C38CC-277F-463E-84A9-EE066227120E}.Release|Any CPU.Build.0 = Release|Any CPU
		{A39C38CC-277F-463E-84A9-EE066227120E}.Release|ARM.ActiveCfg = Release|ARM
		{A39C38CC-277F-463E-84A9-EE066227120E}.Release|ARM.Build.0 = Release|ARM
		{A39C38CC-277F-463E-84A9-EE066227120E}.Release|ARM64.ActiveCfg = Release|ARM64
		{A39C38CC-277F-463E-84A9-EE066227120E}.Release|ARM64.Build.0 = Release|ARM64
		{A39C38CC-277F-463E-84A9-EE066227120E}.Release|x64.ActiveCfg = Release|x64
		{A39C38CC-277F-463E-84A9-EE066227120E}.Release|x64.Build.0 = Release|x64
		{A39C38CC-277F-463E-84A9-EE066227120E}.Release|x86.ActiveCfg = Release|x86
		{A39C38CC-277F-463E-84A9-EE066227120E}.Release|x86.Build.0 = Release|x86
	EndGlobalSection
	GlobalSection(SolutionProperties) = preSolution
		HideSolutionNode = FALSE
	EndGlobalSection
	GlobalSection(ExtensibilityGlobals) = postSolution
		SolutionGuid = {20BC9BC5-C279-427D-BBA4-C7D2DC86F8C0}
	EndGlobalSection
EndGlobal
